
Microsoft Visual Studio Solution File, Format Version 12.00
# Visual Studio Version 17
VisualStudioVersion = 17.11.35312.102
MinimumVisualStudioVersion = 10.0.40219.1
Project("{FAE04EC0-301F-11D3-BF4B-00C04F79EFBC}") = "HelloWorld", "HelloWorld\HelloWorld.csproj", "{13666212-7DEE-40C3-B3F9-689AD283B690}"
EndProject
Global
	GlobalSection(SolutionConfigurationPlatforms) = preSolution
		Debug|Any CPU = Debug|Any CPU
		Release|Any CPU = Release|Any CPU
	EndGlobalSection
	GlobalSection(ProjectConfigurationPlatforms) = postSolution
		{13666212-7DEE-40C3-B3F9-689AD283B690}.Debug|Any CPU.ActiveCfg = Debug|Any CPU
		{13666212-7DEE-40C3-B3F9-689AD283B690}.Debug|Any CPU.Build.0 = Debug|Any CPU
		{13666212-7DEE-40C3-B3F9-689AD283B690}.Release|Any CPU.ActiveCfg = Release|Any CPU
		{13666212-7DEE-40C3-B3F9-689AD283B690}.Release|Any CPU.Build.0 = Release|Any CPU
	EndGlobalSection
	GlobalSection(SolutionProperties) = preSolution
		HideSolutionNode = FALSE
	EndGlobalSection
	GlobalSection(ExtensibilityGlobals) = postSolution
		SolutionGuid = {69BCB2E6-8278-4B21-B3BA-B0356F6B5CE7}
	EndGlobalSection
EndGlobal
